
Microsoft Visual Studio Solution File, Format Version 12.00
# Visual Studio Version 16
VisualStudioVersion = 16.0.29215.179
MinimumVisualStudioVersion = 10.0.40219.1
Project("{9A19103F-16F7-4668-BE54-9A1E7A4F7556}") = "Ruzzie.Caching.UnitTests", "Ruzzie.Caching.UnitTests\Ruzzie.Caching.UnitTests.csproj", "{97A2A6E9-BBCC-4FA7-B60B-DF3A6595FD21}"
EndProject
Project("{9A19103F-16F7-4668-BE54-9A1E7A4F7556}") = "Ruzzie.Caching", "Ruzzie.Caching\Ruzzie.Caching.csproj", "{C4668323-E4BF-4BEC-8FF5-36162FC581AB}"
EndProject
Global
	GlobalSection(SolutionConfigurationPlatforms) = preSolution
		Debug|Any CPU = Debug|Any CPU
		Release|Any CPU = Release|Any CPU
	EndGlobalSection
	GlobalSection(ProjectConfigurationPlatforms) = postSolution
		{97A2A6E9-BBCC-4FA7-B60B-DF3A6595FD21}.Debug|Any CPU.ActiveCfg = Debug|Any CPU
		{97A2A6E9-BBCC-4FA7-B60B-DF3A6595FD21}.Debug|Any CPU.Build.0 = Debug|Any CPU
		{97A2A6E9-BBCC-4FA7-B60B-DF3A6595FD21}.Release|Any CPU.ActiveCfg = Release|Any CPU
		{97A2A6E9-BBCC-4FA7-B60B-DF3A6595FD21}.Release|Any CPU.Build.0 = Release|Any CPU
		{C4668323-E4BF-4BEC-8FF5-36162FC581AB}.Debug|Any CPU.ActiveCfg = Debug|Any CPU
		{C4668323-E4BF-4BEC-8FF5-36162FC581AB}.Debug|Any CPU.Build.0 = Debug|Any CPU
		{C4668323-E4BF-4BEC-8FF5-36162FC581AB}.Release|Any CPU.ActiveCfg = Release|Any CPU
		{C4668323-E4BF-4BEC-8FF5-36162FC581AB}.Release|Any CPU.Build.0 = Release|Any CPU
	EndGlobalSection
	GlobalSection(SolutionProperties) = preSolution
		HideSolutionNode = FALSE
	EndGlobalSection
	GlobalSection(ExtensibilityGlobals) = postSolution
		SolutionGuid = {F59F8A24-30E9-4583-94DB-ACC0693CE183}
	EndGlobalSection
EndGlobal
