
Microsoft Visual Studio Solution File, Format Version 12.00
# Visual Studio 14
VisualStudioVersion = 14.0.23107.0
MinimumVisualStudioVersion = 10.0.40219.1
Project("{FAE04EC0-301F-11D3-BF4B-00C04F79EFBC}") = "Ruzzie.Caching.Tests", "Ruzzie.Caching.Tests\Ruzzie.Caching.Tests.csproj", "{4BF5E39F-5046-43D4-B469-D092FA6C62B3}"
EndProject
Project("{D954291E-2A0B-460D-934E-DC6B0785DB48}") = "Ruzzie.Caching", "Ruzzie.Caching\Ruzzie.Caching.shproj", "{1364395D-7C9F-4ED7-9FF2-043B24EEA384}"
EndProject
Project("{FAE04EC0-301F-11D3-BF4B-00C04F79EFBC}") = "Ruzzie.Caching.NET46", "Ruzzie.Caching.NET46\Ruzzie.Caching.NET46.csproj", "{43AD5C18-C3F9-44C9-A4D8-0DC3FC97C225}"
EndProject
Project("{FAE04EC0-301F-11D3-BF4B-00C04F79EFBC}") = "Ruzzie.Caching.NET45", "Ruzzie.Caching.NET45\Ruzzie.Caching.NET45.csproj", "{839EDF2F-DD6C-4B54-81C9-24E4200AEAAF}"
EndProject
Global
	GlobalSection(SharedMSBuildProjectFiles) = preSolution
		Ruzzie.Caching\Ruzzie.Caching.projitems*{43ad5c18-c3f9-44c9-a4d8-0dc3fc97c225}*SharedItemsImports = 4
		Ruzzie.Caching\Ruzzie.Caching.projitems*{1364395d-7c9f-4ed7-9ff2-043b24eea384}*SharedItemsImports = 13
	EndGlobalSection
	GlobalSection(SolutionConfigurationPlatforms) = preSolution
		Debug|Any CPU = Debug|Any CPU
		Release|Any CPU = Release|Any CPU
	EndGlobalSection
	GlobalSection(ProjectConfigurationPlatforms) = postSolution
		{4BF5E39F-5046-43D4-B469-D092FA6C62B3}.Debug|Any CPU.ActiveCfg = Debug|Any CPU
		{4BF5E39F-5046-43D4-B469-D092FA6C62B3}.Debug|Any CPU.Build.0 = Debug|Any CPU
		{4BF5E39F-5046-43D4-B469-D092FA6C62B3}.Release|Any CPU.ActiveCfg = Release|Any CPU
		{4BF5E39F-5046-43D4-B469-D092FA6C62B3}.Release|Any CPU.Build.0 = Release|Any CPU
		{43AD5C18-C3F9-44C9-A4D8-0DC3FC97C225}.Debug|Any CPU.ActiveCfg = Debug|Any CPU
		{43AD5C18-C3F9-44C9-A4D8-0DC3FC97C225}.Debug|Any CPU.Build.0 = Debug|Any CPU
		{43AD5C18-C3F9-44C9-A4D8-0DC3FC97C225}.Release|Any CPU.ActiveCfg = Release|Any CPU
		{43AD5C18-C3F9-44C9-A4D8-0DC3FC97C225}.Release|Any CPU.Build.0 = Release|Any CPU
		{839EDF2F-DD6C-4B54-81C9-24E4200AEAAF}.Debug|Any CPU.ActiveCfg = Debug|Any CPU
		{839EDF2F-DD6C-4B54-81C9-24E4200AEAAF}.Debug|Any CPU.Build.0 = Debug|Any CPU
		{839EDF2F-DD6C-4B54-81C9-24E4200AEAAF}.Release|Any CPU.ActiveCfg = Release|Any CPU
		{839EDF2F-DD6C-4B54-81C9-24E4200AEAAF}.Release|Any CPU.Build.0 = Release|Any CPU
	EndGlobalSection
	GlobalSection(SolutionProperties) = preSolution
		HideSolutionNode = FALSE
	EndGlobalSection
EndGlobal
